github.com/nyarime/gofec v1.3.0 h1:sOQzVmi+I47aym6i1P7I4mtRcNgkhOdV4hA8CVHl9/M=
github.com/nyarime/gofec v1.3.0/go.mod h1:IiqozIeFR4BG6MbtzHyq+QMHD8BSKQ3oz2GCxcJEin0=
golang.org/x/sys v0.43.0 h1:Rlag2XtaFTxp19wS8MXlJwTvoh8ArU6ezoyFsMyCTNI=
golang.org/x/sys v0.43.0/go.mod h1:4GL1E5IUh+htKOUEOaiffhrAeqysfVGipDYzABqnCmw=
